
Microsoft Visual Studio Solution File, Format Version 12.00
# Visual Studio Version 17
VisualStudioVersion = 17.14.36310.24 d17.14
MinimumVisualStudioVersion = 10.0.40219.1
Project("{FAE04EC0-301F-11D3-BF4B-00C04F79EFBC}") = "MathGame", "MathGame\MathGame.csproj", "{F06BF52B-B7C6-4A49-B268-8D95C0F3597F}"
EndProject
Global
	GlobalSection(SolutionConfigurationPlatforms) = preSolution
		Debug|Any CPU = Debug|Any CPU
		Release|Any CPU = Release|Any CPU
	EndGlobalSection
	GlobalSection(ProjectConfigurationPlatforms) = postSolution
		{F06BF52B-B7C6-4A49-B268-8D95C0F3597F}.Debug|Any CPU.ActiveCfg = Debug|Any CPU
		{F06BF52B-B7C6-4A49-B268-8D95C0F3597F}.Debug|Any CPU.Build.0 = Debug|Any CPU
		{F06BF52B-B7C6-4A49-B268-8D95C0F3597F}.Release|Any CPU.ActiveCfg = Release|Any CPU
		{F06BF52B-B7C6-4A49-B268-8D95C0F3597F}.Release|Any CPU.Build.0 = Release|Any CPU
	EndGlobalSection
	GlobalSection(SolutionProperties) = preSolution
		HideSolutionNode = FALSE
	EndGlobalSection
	GlobalSection(ExtensibilityGlobals) = postSolution
		SolutionGuid = {7E052686-2991-4B48-9FFA-7162BF06D629}
	EndGlobalSection
EndGlobal
